PODS:
  - FilteringPhotoAlbum (0.1.0)

DEPENDENCIES:
  - FilteringPhotoAlbum (from `../`)

EXTERNAL SOURCES:
  FilteringPhotoAlbum:
    :path: "../"

SPEC CHECKSUMS:
  FilteringPhotoAlbum: 5ed3c19417c94ede2c2b7edc152b292df2b55b37

PODFILE CHECKSUM: 3e2fc8e772f3134af6d90d8a1f4cc4c31bdbf5ce

COCOAPODS: 1.10.1
